// !$*UTF8*$!
{
	archiveVersion = 1;
	classes = {
	};
	objectVersion = 77;
	objects = {

/* Begin PBXBuildFile section */
		3D57BC982EC33A9C00C6CAD9 /* SnapKit in Frameworks */ = {isa = PBXBuildFile; productRef = 3D57BC972EC33A9C00C6CAD9 /* SnapKit */; };
		3DA305112EA1B6FC0042080A /* RxBlocking in Frameworks */ = {isa = PBXBuildFile; productRef = 3DA305102EA1B6FC0042080A /* RxBlocking */; };
		3DA305132EA1B6FC0042080A /* RxCocoa in Frameworks */ = {isa = PBXBuildFile; productRef = 3DA305122EA1B6FC0042080A /* RxCocoa */; };
		3DA305152EA1B6FC0042080A /* RxRelay in Frameworks */ = {isa = PBXBuildFile; productRef = 3DA305142EA1B6FC0042080A /* RxRelay */; };
		3DA305172EA1B6FC0042080A /* RxSwift in Frameworks */ = {isa = PBXBuildFile; productRef = 3DA305162EA1B6FC0042080A /* RxSwift */; };
		3DA305192EA1B6FC0042080A /* RxTest in Frameworks */ = {isa = PBXBuildFile; productRef = 3DA305182EA1B6FC0042080A /* RxTest */; };
/* End PBXBuildFile section */

/* Begin PBXContainerItemProxy section */
		3DA304BF2EA0E30D0042080A /* PBXContainerItemProxy */ = {
			isa = PBXContainerItemProxy;
			containerPortal = 3DA304A42EA0E3090042080A /* Project object */;
			proxyType = 1;
			remoteGlobalIDString = 3DA304AB2EA0E3090042080A;
			remoteInfo = gocery;
		};
		3DA304C92EA0E30D0042080A /* PBXContainerItemProxy */ = {
			isa = PBXContainerItemProxy;
			containerPortal = 3DA304A42EA0E3090042080A /* Project object */;
			proxyType = 1;
			remoteGlobalIDString = 3DA304AB2EA0E3090042080A;
			remoteInfo = gocery;
		};
/* End PBXContainerItemProxy section */

/* Begin PBXFileReference section */
		3DA304AC2EA0E3090042080A /* gocery.app */ = {isa = PBXFileReference; explicitFileType = wrapper.application; includeInIndex = 0; path = gocery.app; sourceTree = BUILT_PRODUCTS_DIR; };
		3DA304BE2EA0E30D0042080A /* goceryTests.xctest */ = {isa = PBXFileReference; explicitFileType = wrapper.cfbundle; includeInIndex = 0; path = goceryTests.xctest; sourceTree = BUILT_PRODUCTS_DIR; };
		3DA304C82EA0E30D0042080A /* goceryUITests.xctest */ = {isa = PBXFileReference; explicitFileType = wrapper.cfbundle; includeInIndex = 0; path = goceryUITests.xctest; sourceTree = BUILT_PRODUCTS_DIR; };
/* End PBXFileReference section */

/* Begin PBXFileSystemSynchronizedRootGroup section */
		3DA304AE2EA0E3090042080A /* gocery */ = {
			isa = PBXFileSystemSynchronizedRootGroup;
			path = gocery;
			sourceTree = "<group>";
		};
		3DA304C12EA0E30D0042080A /* goceryTests */ = {
			isa = PBXFileSystemSynchronizedRootGroup;
			path = goceryTests;
			sourceTree = "<group>";
		};
		3DA304CB2EA0E30D0042080A /* goceryUITests */ = {
			isa = PBXFileSystemSynchronizedRootGroup;
			path = goceryUITests;
			sourceTree = "<group>";
		};
/* End PBXFileSystemSynchronizedRootGroup section */

/* Begin PBXFrameworksBuildPhase section */
		3DA304A92EA0E3090042080A /* Frameworks */ = {
			isa = PBXFrameworksBuildPhase;
			buildActionMask = 2147483647;
			files = (
				3DA305152EA1B6FC0042080A /* RxRelay in Frameworks */,
				3DA305132EA1B6FC0042080A /* RxCocoa in Frameworks */,
				3DA305172EA1B6FC0042080A /* RxSwift in Frameworks */,
				3DA305112EA1B6FC0042080A /* RxBlocking in Frameworks */,
				3D57BC982EC33A9C00C6CAD9 /* SnapKit in Frameworks */,
			);
			runOnlyForDeploymentPostprocessing = 0;
		};
		3DA304BB2EA0E30D0042080A /* Frameworks */ = {
			isa = PBXFrameworksBuildPhase;
			buildActionMask = 2147483647;
			files = (
				3DA305192EA1B6FC0042080A /* RxTest in Frameworks */,
			);
			runOnlyForDeploymentPostprocessing = 0;
		};
		3DA304C52EA0E30D0042080A /* Frameworks */ = {
			isa = PBXFrameworksBuildPhase;
			buildActionMask = 2147483647;
			files = (
			);
			runOnlyForDeploymentPostprocessing = 0;
		};
/* End PBXFrameworksBuildPhase section */

/* Begin PBXGroup section */
		3DA304A32EA0E3090042080A = {
			isa = PBXGroup;
			children = (
				3DA304AE2EA0E3090042080A /* gocery */,
				3DA304C12EA0E30D0042080A /* goceryTests */,
				3DA304CB2EA0E30D0042080A /* goceryUITests */,
				3DA304AD2EA0E3090042080A /* Products */,
			);
			sourceTree = "<group>";
		};
		3DA304AD2EA0E3090042080A /* Products */ = {
			isa = PBXGroup;
			children = (
				3DA304AC2EA0E3090042080A /* gocery.app */,
				3DA304BE2EA0E30D0042080A /* goceryTests.xctest */,
				3DA304C82EA0E30D0042080A /* goceryUITests.xctest */,
			);
			name = Products;
			sourceTree = "<group>";
		};
/* End PBXGroup section */

/* Begin PBXNativeTarget section */
		3DA304AB2EA0E3090042080A /* gocery */ = {
			isa = PBXNativeTarget;
			buildConfigurationList = 3DA304D22EA0E30D0042080A /* Build configuration list for PBXNativeTarget "gocery" */;
			buildPhases = (
				3DA304A82EA0E3090042080A /* Sources */,
				3DA304A92EA0E3090042080A /* Frameworks */,
				3DA304AA2EA0E3090042080A /* Resources */,
			);
			buildRules = (
			);
			dependencies = (
			);
			fileSystemSynchronizedGroups = (
				3DA304AE2EA0E3090042080A /* gocery */,
			);
			name = gocery;
			packageProductDependencies = (
				3DA305102EA1B6FC0042080A /* RxBlocking */,
				3DA305122EA1B6FC0042080A /* RxCocoa */,
				3DA305142EA1B6FC0042080A /* RxRelay */,
				3DA305162EA1B6FC0042080A /* RxSwift */,
				3D57BC972EC33A9C00C6CAD9 /* SnapKit */,
			);
			productName = gocery;
			productReference = 3DA304AC2EA0E3090042080A /* gocery.app */;
			productType = "com.apple.product-type.application";
		};
		3DA304BD2EA0E30D0042080A /* goceryTests */ = {
			isa = PBXNativeTarget;
			buildConfigurationList = 3DA304D52EA0E30D0042080A /* Build configuration list for PBXNativeTarget "goceryTests" */;
			buildPhases = (
				3DA304BA2EA0E30D0042080A /* Sources */,
				3DA304BB2EA0E30D0042080A /* Frameworks */,
				3DA304BC2EA0E30D0042080A /* Resources */,
			);
			buildRules = (
			);
			dependencies = (
				3DA304C02EA0E30D0042080A /* PBXTargetDependency */,
			);
			fileSystemSynchronizedGroups = (
				3DA304C12EA0E30D0042080A /* goceryTests */,
			);
			name = goceryTests;
			packageProductDependencies = (
				3DA305182EA1B6FC0042080A /* RxTest */,
			);
			productName = goceryTests;
			productReference = 3DA304BE2EA0E30D0042080A /* goceryTests.xctest */;
			productType = "com.apple.product-type.bundle.unit-test";
		};
		3DA304C72EA0E30D0042080A /* goceryUITests */ = {
			isa = PBXNativeTarget;
			buildConfigurationList = 3DA304D82EA0E30D0042080A /* Build configuration list for PBXNativeTarget "goceryUITests" */;
			buildPhases = (
				3DA304C42EA0E30D0042080A /* Sources */,
				3DA304C52EA0E30D0042080A /* Frameworks */,
				3DA304C62EA0E30D0042080A /* Resources */,
			);
			buildRules = (
			);
			dependencies = (
				3DA304CA2EA0E30D0042080A /* PBXTargetDependency */,
			);
			fileSystemSynchronizedGroups = (
				3DA304CB2EA0E30D0042080A /* goceryUITests */,
			);
			name = goceryUITests;
			packageProductDependencies = (
			);
			productName = goceryUITests;
			productReference = 3DA304C82EA0E30D0042080A /* goceryUITests.xctest */;
			productType = "com.apple.product-type.bundle.ui-testing";
		};
/* End PBXNativeTarget section */

/* Begin PBXProject section */
		3DA304A42EA0E3090042080A /* Project object */ = {
			isa = PBXProject;
			attributes = {
				BuildIndependentTargetsInParallel = 1;
				LastSwiftUpdateCheck = 2600;
				LastUpgradeCheck = 2600;
				TargetAttributes = {
					3DA304AB2EA0E3090042080A = {
						CreatedOnToolsVersion = 26.0.1;
					};
					3DA304BD2EA0E30D0042080A = {
						CreatedOnToolsVersion = 26.0.1;
						TestTargetID = 3DA304AB2EA0E3090042080A;
					};
					3DA304C72EA0E30D0042080A = {
						CreatedOnToolsVersion = 26.0.1;
						TestTargetID = 3DA304AB2EA0E3090042080A;
					};
				};
			};
			buildConfigurationList = 3DA304A72EA0E3090042080A /* Build configuration list for PBXProject "gocery" */;
			developmentRegion = en;
			hasScannedForEncodings = 0;
			knownRegions = (
				en,
				Base,
			);
			mainGroup = 3DA304A32EA0E3090042080A;
			minimizedProjectReferenceProxies = 1;
			packageReferences = (
				3DA3050F2EA1B6FC0042080A /* XCRemoteSwiftPackageReference "RxSwift" */,
				3D57BC962EC33A9C00C6CAD9 /* XCRemoteSwiftPackageReference "SnapKit" */,
			);
			preferredProjectObjectVersion = 77;
			productRefGroup = 3DA304AD2EA0E3090042080A /* Products */;
			projectDirPath = "";
			projectRoot = "";
			targets = (
				3DA304AB2EA0E3090042080A /* gocery */,
				3DA304BD2EA0E30D0042080A /* goceryTests */,
				3DA304C72EA0E30D0042080A /* goceryUITests */,
			);
		};
/* End PBXProject section */

/* Begin PBXResourcesBuildPhase section */
		3DA304AA2EA0E3090042080A /* Resources */ = {
			isa = PBXResourcesBuildPhase;
			buildActionMask = 2147483647;
			files = (
			);
			runOnlyForDeploymentPostprocessing = 0;
		};
		3DA304BC2EA0E30D0042080A /* Resources */ = {
			isa = PBXResourcesBuildPhase;
			buildActionMask = 2147483647;
			files = (
			);
			runOnlyForDeploymentPostprocessing = 0;
		};
		3DA304C62EA0E30D0042080A /* Resources */ = {
			isa = PBXResourcesBuildPhase;
			buildActionMask = 2147483647;
			files = (
			);
			runOnlyForDeploymentPostprocessing = 0;
		};
/* End PBXResourcesBuildPhase section */

/* Begin PBXSourcesBuildPhase section */
		3DA304A82EA0E3090042080A /* Sources */ = {
			isa = PBXSourcesBuildPhase;
			buildActionMask = 2147483647;
			files = (
			);
			runOnlyForDeploymentPostprocessing = 0;
		};
		3DA304BA2EA0E30D0042080A /* Sources */ = {
			isa = PBXSourcesBuildPhase;
			buildActionMask = 2147483647;
			files = (
			);
			runOnlyForDeploymentPostprocessing = 0;
		};
		3DA304C42EA0E30D0042080A /* Sources */ = {
			isa = PBXSourcesBuildPhase;
			buildActionMask = 2147483647;
			files = (
			);
			runOnlyForDeploymentPostprocessing = 0;
		};
/* End PBXSourcesBuildPhase section */

/* Begin PBXTargetDependency section */
		3DA304C02EA0E30D0042080A /* PBXTargetDependency */ = {
			isa = PBXTargetDependency;
			target = 3DA304AB2EA0E3090042080A /* gocery */;
			targetProxy = 3DA304BF2EA0E30D0042080A /* PBXContainerItemProxy */;
		};
		3DA304CA2EA0E30D0042080A /* PBXTargetDependency */ = {
			isa = PBXTargetDependency;
			target = 3DA304AB2EA0E3090042080A /* gocery */;
			targetProxy = 3DA304C92EA0E30D0042080A /* PBXContainerItemProxy */;
		};
/* End PBXTargetDependency section */

/* Begin XCBuildConfiguration section */
		3DA304D02EA0E30D0042080A /* Debug */ = {
			isa = XCBuildConfiguration;
			buildSettings = {
				ALWAYS_SEARCH_USER_PATHS = NO;
				ASSETCATALOG_COMPILER_GENERATE_SWIFT_ASSET_SYMBOL_EXTENSIONS = YES;
				CLANG_ANALYZER_NONNULL = YES;
				CLANG_ANALYZER_NUMBER_OBJECT_CONVERSION = YES_AGGRESSIVE;
				CLANG_CXX_LANGUAGE_STANDARD = "gnu++20";
				CLANG_ENABLE_MODULES = YES;
				CLANG_ENABLE_OBJC_ARC = YES;
				CLANG_ENABLE_OBJC_WEAK = YES;
				CLANG_WARN_BLOCK_CAPTURE_AUTORELEASING = YES;
				CLANG_WARN_BOOL_CONVERSION = YES;
				CLANG_WARN_COMMA = YES;
				CLANG_WARN_CONSTANT_CONVERSION = YES;
				CLANG_WARN_DEPRECATED_OBJC_IMPLEMENTATIONS = YES;
				CLANG_WARN_DIRECT_OBJC_ISA_USAGE = YES_ERROR;
				CLANG_WARN_DOCUMENTATION_COMMENTS = YES;
				CLANG_WARN_EMPTY_BODY = YES;
				CLANG_WARN_ENUM_CONVERSION = YES;
				CLANG_WARN_INFINITE_RECURSION = YES;
				CLANG_WARN_INT_CONVERSION = YES;
				CLANG_WARN_NON_LITERAL_NULL_CONVERSION = YES;
				CLANG_WARN_OBJC_IMPLICIT_RETAIN_SELF = YES;
				CLANG_WARN_OBJC_LITERAL_CONVERSION = YES;
				CLANG_WARN_OBJC_ROOT_CLASS = YES_ERROR;
				CLANG_WARN_QUOTED_INCLUDE_IN_FRAMEWORK_HEADER = YES;
				CLANG_WARN_RANGE_LOOP_ANALYSIS = YES;
				CLANG_WARN_STRICT_PROTOTYPES = YES;
				CLANG_WARN_SUSPICIOUS_MOVE = YES;
				CLANG_WARN_UNGUARDED_AVAILABILITY = YES_AGGRESSIVE;
				CLANG_WARN_UNREACHABLE_CODE = YES;
				CLANG_WARN__DUPLICATE_METHOD_MATCH = YES;
				COPY_PHASE_STRIP = NO;
				DEBUG_INFORMATION_FORMAT = dwarf;
				DEVELOPMENT_TEAM = 7H78Y4296W;
				ENABLE_STRICT_OBJC_MSGSEND = YES;
				ENABLE_TESTABILITY = YES;
				ENABLE_USER_SCRIPT_SANDBOXING = YES;
				GCC_C_LANGUAGE_STANDARD = gnu17;
				GCC_DYNAMIC_NO_PIC = NO;
				GCC_NO_COMMON_BLOCKS = YES;
				GCC_OPTIMIZATION_LEVEL = 0;
				GCC_PREPROCESSOR_DEFINITIONS = (
					"DEBUG=1",
					"$(inherited)",
				);
				GCC_WARN_64_TO_32_BIT_CONVERSION = YES;
				GCC_WARN_ABOUT_RETURN_TYPE = YES_ERROR;
				GCC_WARN_UNDECLARED_SELECTOR = YES;
				GCC_WARN_UNINITIALIZED_AUTOS = YES_AGGRESSIVE;
				GCC_WARN_UNUSED_FUNCTION = YES;
				GCC_WARN_UNUSED_VARIABLE = YES;
				LOCALIZATION_PREFERS_STRING_CATALOGS = YES;
				MTL_ENABLE_DEBUG_INFO = INCLUDE_SOURCE;
				MTL_FAST_MATH = YES;
				ONLY_ACTIVE_ARCH = YES;
				SWIFT_ACTIVE_COMPILATION_CONDITIONS = "DEBUG $(inherited)";
				SWIFT_OPTIMIZATION_LEVEL = "-Onone";
			};
			name = Debug;
		};
		3DA304D12EA0E30D0042080A /* Release */ = {
			isa = XCBuildConfiguration;
			buildSettings = {
				ALWAYS_SEARCH_USER_PATHS = NO;
				ASSETCATALOG_COMPILER_GENERATE_SWIFT_ASSET_SYMBOL_EXTENSIONS = YES;
				CLANG_ANALYZER_NONNULL = YES;
				CLANG_ANALYZER_NUMBER_OBJECT_CONVERSION = YES_AGGRESSIVE;
				CLANG_CXX_LANGUAGE_STANDARD = "gnu++20";
				CLANG_ENABLE_MODULES = YES;
				CLANG_ENABLE_OBJC_ARC = YES;
				CLANG_ENABLE_OBJC_WEAK = YES;
				CLANG_WARN_BLOCK_CAPTURE_AUTORELEASING = YES;
				CLANG_WARN_BOOL_CONVERSION = YES;
				CLANG_WARN_COMMA = YES;
				CLANG_WARN_CONSTANT_CONVERSION = YES;
				CLANG_WARN_DEPRECATED_OBJC_IMPLEMENTATIONS = YES;
				CLANG_WARN_DIRECT_OBJC_ISA_USAGE = YES_ERROR;
				CLANG_WARN_DOCUMENTATION_COMMENTS = YES;
				CLANG_WARN_EMPTY_BODY = YES;
				CLANG_WARN_ENUM_CONVERSION = YES;
				CLANG_WARN_INFINITE_RECURSION = YES;
				CLANG_WARN_INT_CONVERSION = YES;
				CLANG_WARN_NON_LITERAL_NULL_CONVERSION = YES;
				CLANG_WARN_OBJC_IMPLICIT_RETAIN_SELF = YES;
				CLANG_WARN_OBJC_LITERAL_CONVERSION = YES;
				CLANG_WARN_OBJC_ROOT_CLASS = YES_ERROR;
				CLANG_WARN_QUOTED_INCLUDE_IN_FRAMEWORK_HEADER = YES;
				CLANG_WARN_RANGE_LOOP_ANALYSIS = YES;
				CLANG_WARN_STRICT_PROTOTYPES = YES;
				CLANG_WARN_SUSPICIOUS_MOVE = YES;
				CLANG_WARN_UNGUARDED_AVAILABILITY = YES_AGGRESSIVE;
				CLANG_WARN_UNREACHABLE_CODE = YES;
				CLANG_WARN__DUPLICATE_METHOD_MATCH = YES;
				COPY_PHASE_STRIP = NO;
				DEBUG_INFORMATION_FORMAT = "dwarf-with-dsym";
				DEVELOPMENT_TEAM = 7H78Y4296W;
				ENABLE_NS_ASSERTIONS = NO;
				ENABLE_STRICT_OBJC_MSGSEND = YES;
				ENABLE_USER_SCRIPT_SANDBOXING = YES;
				GCC_C_LANGUAGE_STANDARD = gnu17;
				GCC_NO_COMMON_BLOCKS = YES;
				GCC_WARN_64_TO_32_BIT_CONVERSION = YES;
				GCC_WARN_ABOUT_RETURN_TYPE = YES_ERROR;
				GCC_WARN_UNDECLARED_SELECTOR = YES;
				GCC_WARN_UNINITIALIZED_AUTOS = YES_AGGRESSIVE;
				GCC_WARN_UNUSED_FUNCTION = YES;
				GCC_WARN_UNUSED_VARIABLE = YES;
				LOCALIZATION_PREFERS_STRING_CATALOGS = YES;
				MTL_ENABLE_DEBUG_INFO = NO;
				MTL_FAST_MATH = YES;
				SWIFT_COMPILATION_MODE = wholemodule;
			};
			name = Release;
		};
		3DA304D32EA0E30D0042080A /* Debug */ = {
			isa = XCBuildConfiguration;
			buildSettings = {
				ASSETCATALOG_COMPILER_APPICON_NAME = AppIcon;
				ASSETCATALOG_COMPILER_GLOBAL_ACCENT_COLOR_NAME = AccentColor;
				CODE_SIGN_STYLE = Automatic;
				CURRENT_PROJECT_VERSION = 1;
				DEVELOPMENT_TEAM = 7H78Y4296W;
				ENABLE_APP_SANDBOX = YES;
				ENABLE_HARDENED_RUNTIME = YES;
				ENABLE_PREVIEWS = YES;
				ENABLE_USER_SELECTED_FILES = readonly;
				GENERATE_INFOPLIST_FILE = YES;
				"INFOPLIST_KEY_UIApplicationSceneManifest_Generation[sdk=iphoneos*]" = YES;
				"INFOPLIST_KEY_UIApplicationSceneManifest_Generation[sdk=iphonesimulator*]" = YES;
				"INFOPLIST_KEY_UIApplicationSupportsIndirectInputEvents[sdk=iphoneos*]" = YES;
				"INFOPLIST_KEY_UIApplicationSupportsIndirectInputEvents[sdk=iphonesimulator*]" = YES;
				"INFOPLIST_KEY_UILaunchScreen_Generation[sdk=iphoneos*]" = YES;
				"INFOPLIST_KEY_UILaunchScreen_Generation[sdk=iphonesimulator*]" = YES;
				"INFOPLIST_KEY_UIStatusBarStyle[sdk=iphoneos*]" = UIStatusBarStyleDefault;
				"INFOPLIST_KEY_UIStatusBarStyle[sdk=iphonesimulator*]" = UIStatusBarStyleDefault;
				INFOPLIST_KEY_UISupportedInterfaceOrientations_iPad = "UIInterfaceOrientationPortrait UIInterfaceOrientationPortraitUpsideDown UIInterfaceOrientationLandscapeLeft UIInterfaceOrientationLandscapeRight";
				INFOPLIST_KEY_UISupportedInterfaceOrientations_iPhone = "UIInterfaceOrientationPortrait UIInterfaceOrientationLandscapeLeft UIInterfaceOrientationLandscapeRight";
				IPHONEOS_DEPLOYMENT_TARGET = 16.6;
				LD_RUNPATH_SEARCH_PATHS = "@executable_path/Frameworks";
				"LD_RUNPATH_SEARCH_PATHS[sdk=macosx*]" = "@executable_path/../Frameworks";
				MACOSX_DEPLOYMENT_TARGET = 26.0;
				MARKETING_VERSION = 1.0;
				PRODUCT_BUNDLE_IDENTIFIER = rr.gocery;
				PRODUCT_NAME = "$(TARGET_NAME)";
				REGISTER_APP_GROUPS = YES;
				SDKROOT = auto;
				STRING_CATALOG_GENERATE_SYMBOLS = YES;
				SUPPORTED_PLATFORMS = "iphoneos iphonesimulator";
				SUPPORTS_MACCATALYST = NO;
				SWIFT_APPROACHABLE_CONCURRENCY = YES;
				SWIFT_DEFAULT_ACTOR_ISOLATION = MainActor;
				SWIFT_EMIT_LOC_STRINGS = YES;
				SWIFT_UPCOMING_FEATURE_MEMBER_IMPORT_VISIBILITY = YES;
				SWIFT_VERSION = 5.0;
				TARGETED_DEVICE_FAMILY = "1,2";
				XROS_DEPLOYMENT_TARGET = 26.0;
			};
			name = Debug;
		};
		3DA304D42EA0E30D0042080A /* Release */ = {
			isa = XCBuildConfiguration;
			buildSettings = {
				ASSETCATALOG_COMPILER_APPICON_NAME = AppIcon;
				ASSETCATALOG_COMPILER_GLOBAL_ACCENT_COLOR_NAME = AccentColor;
				CODE_SIGN_STYLE = Automatic;
				CURRENT_PROJECT_VERSION = 1;
				DEVELOPMENT_TEAM = 7H78Y4296W;
				ENABLE_APP_SANDBOX = YES;
				ENABLE_HARDENED_RUNTIME = YES;
				ENABLE_PREVIEWS = YES;
				ENABLE_USER_SELECTED_FILES = readonly;
				GENERATE_INFOPLIST_FILE = YES;
				"INFOPLIST_KEY_UIApplicationSceneManifest_Generation[sdk=iphoneos*]" = YES;
				"INFOPLIST_KEY_UIApplicationSceneManifest_Generation[sdk=iphonesimulator*]" = YES;
				"INFOPLIST_KEY_UIApplicationSupportsIndirectInputEvents[sdk=iphoneos*]" = YES;
				"INFOPLIST_KEY_UIApplicationSupportsIndirectInputEvents[sdk=iphonesimulator*]" = YES;
				"INFOPLIST_KEY_UILaunchScreen_Generation[sdk=iphoneos*]" = YES;
				"INFOPLIST_KEY_UILaunchScreen_Generation[sdk=iphonesimulator*]" = YES;
				"INFOPLIST_KEY_UIStatusBarStyle[sdk=iphoneos*]" = UIStatusBarStyleDefault;
				"INFOPLIST_KEY_UIStatusBarStyle[sdk=iphonesimulator*]" = UIStatusBarStyleDefault;
				INFOPLIST_KEY_UISupportedInterfaceOrientations_iPad = "UIInterfaceOrientationPortrait UIInterfaceOrientationPortraitUpsideDown UIInterfaceOrientationLandscapeLeft UIInterfaceOrientationLandscapeRight";
				INFOPLIST_KEY_UISupportedInterfaceOrientations_iPhone = "UIInterfaceOrientationPortrait UIInterfaceOrientationLandscapeLeft UIInterfaceOrientationLandscapeRight";
				IPHONEOS_DEPLOYMENT_TARGET = 16.6;
				LD_RUNPATH_SEARCH_PATHS = "@executable_path/Frameworks";
				"LD_RUNPATH_SEARCH_PATHS[sdk=macosx*]" = "@executable_path/../Frameworks";
				MACOSX_DEPLOYMENT_TARGET = 26.0;
				MARKETING_VERSION = 1.0;
				PRODUCT_BUNDLE_IDENTIFIER = rr.gocery;
				PRODUCT_NAME = "$(TARGET_NAME)";
				REGISTER_APP_GROUPS = YES;
				SDKROOT = auto;
				STRING_CATALOG_GENERATE_SYMBOLS = YES;
				SUPPORTED_PLATFORMS = "iphoneos iphonesimulator";
				SUPPORTS_MACCATALYST = NO;
				SWIFT_APPROACHABLE_CONCURRENCY = YES;
				SWIFT_DEFAULT_ACTOR_ISOLATION = MainActor;
				SWIFT_EMIT_LOC_STRINGS = YES;
				SWIFT_UPCOMING_FEATURE_MEMBER_IMPORT_VISIBILITY = YES;
				SWIFT_VERSION = 5.0;
				TARGETED_DEVICE_FAMILY = "1,2";
				XROS_DEPLOYMENT_TARGET = 26.0;
			};
			name = Release;
		};
		3DA304D62EA0E30D0042080A /* Debug */ = {
			isa = XCBuildConfiguration;
			buildSettings = {
				BUNDLE_LOADER = "$(TEST_HOST)";
				CODE_SIGN_STYLE = Automatic;
				CURRENT_PROJECT_VERSION = 1;
				DEVELOPMENT_TEAM = 7H78Y4296W;
				GENERATE_INFOPLIST_FILE = YES;
				IPHONEOS_DEPLOYMENT_TARGET = 26.0;
				MACOSX_DEPLOYMENT_TARGET = 26.0;
				MARKETING_VERSION = 1.0;
				PRODUCT_BUNDLE_IDENTIFIER = rr.goceryTests;
				PRODUCT_NAME = "$(TARGET_NAME)";
				SDKROOT = auto;
				STRING_CATALOG_GENERATE_SYMBOLS = NO;
				SUPPORTED_PLATFORMS = "iphoneos iphonesimulator macosx xros xrsimulator";
				SWIFT_APPROACHABLE_CONCURRENCY = YES;
				SWIFT_EMIT_LOC_STRINGS = NO;
				SWIFT_UPCOMING_FEATURE_MEMBER_IMPORT_VISIBILITY = YES;
				SWIFT_VERSION = 5.0;
				TARGETED_DEVICE_FAMILY = "1,2,7";
				TEST_HOST = "$(BUILT_PRODUCTS_DIR)/gocery.app/$(BUNDLE_EXECUTABLE_FOLDER_PATH)/gocery";
				XROS_DEPLOYMENT_TARGET = 26.0;
			};
			name = Debug;
		};
		3DA304D72EA0E30D0042080A /* Release */ = {
			isa = XCBuildConfiguration;
			buildSettings = {
				BUNDLE_LOADER = "$(TEST_HOST)";
				CODE_SIGN_STYLE = Automatic;
				CURRENT_PROJECT_VERSION = 1;
				DEVELOPMENT_TEAM = 7H78Y4296W;
				GENERATE_INFOPLIST_FILE = YES;
				IPHONEOS_DEPLOYMENT_TARGET = 26.0;
				MACOSX_DEPLOYMENT_TARGET = 26.0;
				MARKETING_VERSION = 1.0;
				PRODUCT_BUNDLE_IDENTIFIER = rr.goceryTests;
				PRODUCT_NAME = "$(TARGET_NAME)";
				SDKROOT = auto;
				STRING_CATALOG_GENERATE_SYMBOLS = NO;
				SUPPORTED_PLATFORMS = "iphoneos iphonesimulator macosx xros xrsimulator";
				SWIFT_APPROACHABLE_CONCURRENCY = YES;
				SWIFT_EMIT_LOC_STRINGS = NO;
				SWIFT_UPCOMING_FEATURE_MEMBER_IMPORT_VISIBILITY = YES;
				SWIFT_VERSION = 5.0;
				TARGETED_DEVICE_FAMILY = "1,2,7";
				TEST_HOST = "$(BUILT_PRODUCTS_DIR)/gocery.app/$(BUNDLE_EXECUTABLE_FOLDER_PATH)/gocery";
				XROS_DEPLOYMENT_TARGET = 26.0;
			};
			name = Release;
		};
		3DA304D92EA0E30D0042080A /* Debug */ = {
			isa = XCBuildConfiguration;
			buildSettings = {
				CODE_SIGN_STYLE = Automatic;
				CURRENT_PROJECT_VERSION = 1;
				DEVELOPMENT_TEAM = 7H78Y4296W;
				GENERATE_INFOPLIST_FILE = YES;
				IPHONEOS_DEPLOYMENT_TARGET = 26.0;
				MACOSX_DEPLOYMENT_TARGET = 26.0;
				MARKETING_VERSION = 1.0;
				PRODUCT_BUNDLE_IDENTIFIER = rr.goceryUITests;
				PRODUCT_NAME = "$(TARGET_NAME)";
				SDKROOT = auto;
				STRING_CATALOG_GENERATE_SYMBOLS = NO;
				SUPPORTED_PLATFORMS = "iphoneos iphonesimulator macosx xros xrsimulator";
				SWIFT_APPROACHABLE_CONCURRENCY = YES;
				SWIFT_EMIT_LOC_STRINGS = NO;
				SWIFT_UPCOMING_FEATURE_MEMBER_IMPORT_VISIBILITY = YES;
				SWIFT_VERSION = 5.0;
				TARGETED_DEVICE_FAMILY = "1,2,7";
				TEST_TARGET_NAME = gocery;
				XROS_DEPLOYMENT_TARGET = 26.0;
			};
			name = Debug;
		};
		3DA304DA2EA0E30D0042080A /* Release */ = {
			isa = XCBuildConfiguration;
			buildSettings = {
				CODE_SIGN_STYLE = Automatic;
				CURRENT_PROJECT_VERSION = 1;
				DEVELOPMENT_TEAM = 7H78Y4296W;
				GENERATE_INFOPLIST_FILE = YES;
				IPHONEOS_DEPLOYMENT_TARGET = 26.0;
				MACOSX_DEPLOYMENT_TARGET = 26.0;
				MARKETING_VERSION = 1.0;
				PRODUCT_BUNDLE_IDENTIFIER = rr.goceryUITests;
				PRODUCT_NAME = "$(TARGET_NAME)";
				SDKROOT = auto;
				STRING_CATALOG_GENERATE_SYMBOLS = NO;
				SUPPORTED_PLATFORMS = "iphoneos iphonesimulator macosx xros xrsimulator";
				SWIFT_APPROACHABLE_CONCURRENCY = YES;
				SWIFT_EMIT_LOC_STRINGS = NO;
				SWIFT_UPCOMING_FEATURE_MEMBER_IMPORT_VISIBILITY = YES;
				SWIFT_VERSION = 5.0;
				TARGETED_DEVICE_FAMILY = "1,2,7";
				TEST_TARGET_NAME = gocery;
				XROS_DEPLOYMENT_TARGET = 26.0;
			};
			name = Release;
		};
/* End XCBuildConfiguration section */

/* Begin XCConfigurationList section */
		3DA304A72EA0E3090042080A /* Build configuration list for PBXProject "gocery" */ = {
			isa = XCConfigurationList;
			buildConfigurations = (
				3DA304D02EA0E30D0042080A /* Debug */,
				3DA304D12EA0E30D0042080A /* Release */,
			);
			defaultConfigurationIsVisible = 0;
			defaultConfigurationName = Release;
		};
		3DA304D22EA0E30D0042080A /* Build configuration list for PBXNativeTarget "gocery" */ = {
			isa = XCConfigurationList;
			buildConfigurations = (
				3DA304D32EA0E30D0042080A /* Debug */,
				3DA304D42EA0E30D0042080A /* Release */,
			);
			defaultConfigurationIsVisible = 0;
			defaultConfigurationName = Release;
		};
		3DA304D52EA0E30D0042080A /* Build configuration list for PBXNativeTarget "goceryTests" */ = {
			isa = XCConfigurationList;
			buildConfigurations = (
				3DA304D62EA0E30D0042080A /* Debug */,
				3DA304D72EA0E30D0042080A /* Release */,
			);
			defaultConfigurationIsVisible = 0;
			defaultConfigurationName = Release;
		};
		3DA304D82EA0E30D0042080A /* Build configuration list for PBXNativeTarget "goceryUITests" */ = {
			isa = XCConfigurationList;
			buildConfigurations = (
				3DA304D92EA0E30D0042080A /* Debug */,
				3DA304DA2EA0E30D0042080A /* Release */,
			);
			defaultConfigurationIsVisible = 0;
			defaultConfigurationName = Release;
		};
/* End XCConfigurationList section */

/* Begin XCRemoteSwiftPackageReference section */
		3D57BC962EC33A9C00C6CAD9 /* XCRemoteSwiftPackageReference "SnapKit" */ = {
			isa = XCRemoteSwiftPackageReference;
			repositoryURL = "https://github.com/SnapKit/SnapKit.git";
			requirement = {
				kind = upToNextMajorVersion;
				minimumVersion = 5.7.1;
			};
		};
		3DA3050F2EA1B6FC0042080A /* XCRemoteSwiftPackageReference "RxSwift" */ = {
			isa = XCRemoteSwiftPackageReference;
			repositoryURL = "https://github.com/ReactiveX/RxSwift.git";
			requirement = {
				kind = upToNextMajorVersion;
				minimumVersion = 6.9.0;
			};
		};
/* End XCRemoteSwiftPackageReference section */

/* Begin XCSwiftPackageProductDependency section */
		3D57BC972EC33A9C00C6CAD9 /* SnapKit */ = {
			isa = XCSwiftPackageProductDependency;
			package = 3D57BC962EC33A9C00C6CAD9 /* XCRemoteSwiftPackageReference "SnapKit" */;
			productName = SnapKit;
		};
		3DA305102EA1B6FC0042080A /* RxBlocking */ = {
			isa = XCSwiftPackageProductDependency;
			package = 3DA3050F2EA1B6FC0042080A /* XCRemoteSwiftPackageReference "RxSwift" */;
			productName = RxBlocking;
		};
		3DA305122EA1B6FC0042080A /* RxCocoa */ = {
			isa = XCSwiftPackageProductDependency;
			package = 3DA3050F2EA1B6FC0042080A /* XCRemoteSwiftPackageReference "RxSwift" */;
			productName = RxCocoa;
		};
		3DA305142EA1B6FC0042080A /* RxRelay */ = {
			isa = XCSwiftPackageProductDependency;
			package = 3DA3050F2EA1B6FC0042080A /* XCRemoteSwiftPackageReference "RxSwift" */;
			productName = RxRelay;
		};
		3DA305162EA1B6FC0042080A /* RxSwift */ = {
			isa = XCSwiftPackageProductDependency;
			package = 3DA3050F2EA1B6FC0042080A /* XCRemoteSwiftPackageReference "RxSwift" */;
			productName = RxSwift;
		};
		3DA305182EA1B6FC0042080A /* RxTest */ = {
			isa = XCSwiftPackageProductDependency;
			package = 3DA3050F2EA1B6FC0042080A /* XCRemoteSwiftPackageReference "RxSwift" */;
			productName = RxTest;
		};
/* End XCSwiftPackageProductDependency section */
	};
	rootObject = 3DA304A42EA0E3090042080A /* Project object */;
}
